
Microsoft Visual Studio Solution File, Format Version 12.00
# Visual Studio Version 16
VisualStudioVersion = 16.0.30503.244
MinimumVisualStudioVersion = 10.0.40219.1
Project("{9A19103F-16F7-4668-BE54-9A1E7A4F7556}") = "irsdkSharp", "irsdkSharp\irsdkSharp.csproj", "{D3D40673-6014-4BA2-A2C2-9083ACB0CF18}"
EndProject
Project("{2150E333-8FDC-42A3-9474-1A3956D46DE8}") = "Extras", "Extras", "{94D9DC0E-4505-4F79-B6F0-6C16A6022B9C}"
	ProjectSection(SolutionItems) = preProject
		..\.gitignore = ..\.gitignore
		..\LICENSE = ..\LICENSE
		..\README.md = ..\README.md
	EndProjectSection
EndProject
Project("{9A19103F-16F7-4668-BE54-9A1E7A4F7556}") = "irsdkSharp.ConsoleTest", "irsdkSharp.Console\irsdkSharp.ConsoleTest.csproj", "{F82EBE0D-9E1C-44FC-80AE-ABC3E964885F}"
EndProject
Project("{9A19103F-16F7-4668-BE54-9A1E7A4F7556}") = "irsdkSharp.Serialization", "irsdkSharp.Serialization\irsdkSharp.Serialization.csproj", "{C509B629-0BEE-44D9-ADA1-D209C312288D}"
EndProject
Project("{9A19103F-16F7-4668-BE54-9A1E7A4F7556}") = "irsdkSharp.Calculation", "irsdkSharp.Calculation\irsdkSharp.Calculation.csproj", "{F039D704-A6F6-4A6F-8907-1805CF33FE19}"
EndProject
Project("{FAE04EC0-301F-11D3-BF4B-00C04F79EFBC}") = "irsdkSharp.Tests", "..\tests\irsdkSharp.Tests.csproj", "{F270C400-BA64-49D7-B7CD-528511FED4E8}"
EndProject
Global
	GlobalSection(SolutionConfigurationPlatforms) = preSolution
		Debug|Any CPU = Debug|Any CPU
		Release|Any CPU = Release|Any CPU
	EndGlobalSection
	GlobalSection(ProjectConfigurationPlatforms) = postSolution
		{D3D40673-6014-4BA2-A2C2-9083ACB0CF18}.Debug|Any CPU.ActiveCfg = Debug|Any CPU
		{D3D40673-6014-4BA2-A2C2-9083ACB0CF18}.Debug|Any CPU.Build.0 = Debug|Any CPU
		{D3D40673-6014-4BA2-A2C2-9083ACB0CF18}.Release|Any CPU.ActiveCfg = Release|Any CPU
		{D3D40673-6014-4BA2-A2C2-9083ACB0CF18}.Release|Any CPU.Build.0 = Release|Any CPU
		{F82EBE0D-9E1C-44FC-80AE-ABC3E964885F}.Debug|Any CPU.ActiveCfg = Debug|Any CPU
		{F82EBE0D-9E1C-44FC-80AE-ABC3E964885F}.Debug|Any CPU.Build.0 = Debug|Any CPU
		{F82EBE0D-9E1C-44FC-80AE-ABC3E964885F}.Release|Any CPU.ActiveCfg = Release|Any CPU
		{F82EBE0D-9E1C-44FC-80AE-ABC3E964885F}.Release|Any CPU.Build.0 = Release|Any CPU
		{C509B629-0BEE-44D9-ADA1-D209C312288D}.Debug|Any CPU.ActiveCfg = Debug|Any CPU
		{C509B629-0BEE-44D9-ADA1-D209C312288D}.Debug|Any CPU.Build.0 = Debug|Any CPU
		{C509B629-0BEE-44D9-ADA1-D209C312288D}.Release|Any CPU.ActiveCfg = Release|Any CPU
		{C509B629-0BEE-44D9-ADA1-D209C312288D}.Release|Any CPU.Build.0 = Release|Any CPU
		{F039D704-A6F6-4A6F-8907-1805CF33FE19}.Debug|Any CPU.ActiveCfg = Debug|Any CPU
		{F039D704-A6F6-4A6F-8907-1805CF33FE19}.Debug|Any CPU.Build.0 = Debug|Any CPU
		{F039D704-A6F6-4A6F-8907-1805CF33FE19}.Release|Any CPU.ActiveCfg = Release|Any CPU
		{F039D704-A6F6-4A6F-8907-1805CF33FE19}.Release|Any CPU.Build.0 = Release|Any CPU
		{F270C400-BA64-49D7-B7CD-528511FED4E8}.Debug|Any CPU.ActiveCfg = Debug|Any CPU
		{F270C400-BA64-49D7-B7CD-528511FED4E8}.Debug|Any CPU.Build.0 = Debug|Any CPU
		{F270C400-BA64-49D7-B7CD-528511FED4E8}.Release|Any CPU.ActiveCfg = Release|Any CPU
		{F270C400-BA64-49D7-B7CD-528511FED4E8}.Release|Any CPU.Build.0 = Release|Any CPU
	EndGlobalSection
	GlobalSection(SolutionProperties) = preSolution
		HideSolutionNode = FALSE
	EndGlobalSection
	GlobalSection(ExtensibilityGlobals) = postSolution
		SolutionGuid = {9F0ADCDA-4324-4CC5-AAF7-28A8362692C7}
	EndGlobalSection
EndGlobal
